
Microsoft Visual Studio Solution File, Format Version 12.00
# Visual Studio Version 16
VisualStudioVersion = 16.0.30517.126
MinimumVisualStudioVersion = 10.0.40219.1
Project("{FAE04EC0-301F-11D3-BF4B-00C04F79EFBC}") = "OnlinePieShop", "OnlinePieShop\OnlinePieShop.csproj", "{7724D855-6629-46B0-8C6B-3E48EE1853FE}"
EndProject
Global
	GlobalSection(SolutionConfigurationPlatforms) = preSolution
		Debug|Any CPU = Debug|Any CPU
		Release|Any CPU = Release|Any CPU
	EndGlobalSection
	GlobalSection(ProjectConfigurationPlatforms) = postSolution
		{7724D855-6629-46B0-8C6B-3E48EE1853FE}.Debug|Any CPU.ActiveCfg = Debug|Any CPU
		{7724D855-6629-46B0-8C6B-3E48EE1853FE}.Debug|Any CPU.Build.0 = Debug|Any CPU
		{7724D855-6629-46B0-8C6B-3E48EE1853FE}.Release|Any CPU.ActiveCfg = Release|Any CPU
		{7724D855-6629-46B0-8C6B-3E48EE1853FE}.Release|Any CPU.Build.0 = Release|Any CPU
	EndGlobalSection
	GlobalSection(SolutionProperties) = preSolution
		HideSolutionNode = FALSE
	EndGlobalSection
	GlobalSection(ExtensibilityGlobals) = postSolution
		SolutionGuid = {11FA2775-1F85-4942-89BC-0CE66049EC54}
	EndGlobalSection
EndGlobal
